
Microsoft Visual Studio Solution File, Format Version 12.00
Project("{FAE04EC0-301F-11D3-BF4B-00C04F79EFBC}") = "Asterion", "Asterion\Asterion.csproj", "{295E09D1-9611-47F6-9A51-C730D809BEBA}"
EndProject
Project("{FAE04EC0-301F-11D3-BF4B-00C04F79EFBC}") = "Asterion.Test", "Asterion.Test\Asterion.Test.csproj", "{EE65894E-E153-49C2-840B-D6A84DF0A01D}"
EndProject
Project("{FAE04EC0-301F-11D3-BF4B-00C04F79EFBC}") = "AsterionNg", "AsterionNg\AsterionNg.csproj", "{3640F187-7341-41BC-A4C1-EB3ED7041F05}"
EndProject
Project("{2150E333-8FDC-42A3-9474-1A3956D46DE8}") = "Solution Items", "Solution Items", "{F615218E-6AC5-44E8-8E90-9EFD7BD65F0C}"
	ProjectSection(SolutionItems) = preProject
		compose.yaml = compose.yaml
	EndProjectSection
EndProject
Project("{FAE04EC0-301F-11D3-BF4B-00C04F79EFBC}") = "AsterionNg.Data", "AsterionNg.Data\AsterionNg.Data.csproj", "{AC39FD2A-AA0A-4496-9D4C-BF9F5A77F11F}"
EndProject
Global
	GlobalSection(SolutionConfigurationPlatforms) = preSolution
		Debug|Any CPU = Debug|Any CPU
		Release|Any CPU = Release|Any CPU
	EndGlobalSection
	GlobalSection(ProjectConfigurationPlatforms) = postSolution
		{295E09D1-9611-47F6-9A51-C730D809BEBA}.Debug|Any CPU.ActiveCfg = Debug|Any CPU
		{295E09D1-9611-47F6-9A51-C730D809BEBA}.Debug|Any CPU.Build.0 = Debug|Any CPU
		{295E09D1-9611-47F6-9A51-C730D809BEBA}.Release|Any CPU.ActiveCfg = Release|Any CPU
		{295E09D1-9611-47F6-9A51-C730D809BEBA}.Release|Any CPU.Build.0 = Release|Any CPU
		{EE65894E-E153-49C2-840B-D6A84DF0A01D}.Debug|Any CPU.ActiveCfg = Debug|Any CPU
		{EE65894E-E153-49C2-840B-D6A84DF0A01D}.Debug|Any CPU.Build.0 = Debug|Any CPU
		{EE65894E-E153-49C2-840B-D6A84DF0A01D}.Release|Any CPU.ActiveCfg = Release|Any CPU
		{EE65894E-E153-49C2-840B-D6A84DF0A01D}.Release|Any CPU.Build.0 = Release|Any CPU
		{3640F187-7341-41BC-A4C1-EB3ED7041F05}.Debug|Any CPU.ActiveCfg = Debug|Any CPU
		{3640F187-7341-41BC-A4C1-EB3ED7041F05}.Debug|Any CPU.Build.0 = Debug|Any CPU
		{3640F187-7341-41BC-A4C1-EB3ED7041F05}.Release|Any CPU.ActiveCfg = Release|Any CPU
		{3640F187-7341-41BC-A4C1-EB3ED7041F05}.Release|Any CPU.Build.0 = Release|Any CPU
		{AC39FD2A-AA0A-4496-9D4C-BF9F5A77F11F}.Debug|Any CPU.ActiveCfg = Debug|Any CPU
		{AC39FD2A-AA0A-4496-9D4C-BF9F5A77F11F}.Debug|Any CPU.Build.0 = Debug|Any CPU
		{AC39FD2A-AA0A-4496-9D4C-BF9F5A77F11F}.Release|Any CPU.ActiveCfg = Release|Any CPU
		{AC39FD2A-AA0A-4496-9D4C-BF9F5A77F11F}.Release|Any CPU.Build.0 = Release|Any CPU
	EndGlobalSection
EndGlobal
